// !$*UTF8*$!
{
	archiveVersion = 1;
	classes = {
	};
	objectVersion = 55;
	objects = {

/* Begin PBXBuildFile section */
		068B663F28F20D6200391818 /* InstgramAppApp.swift in Sources */ = {isa = PBXBuildFile; fileRef = 068B663E28F20D6200391818 /* InstgramAppApp.swift */; };
		068B664128F20D6200391818 /* ContentView.swift in Sources */ = {isa = PBXBuildFile; fileRef = 068B664028F20D6200391818 /* ContentView.swift */; };
		068B664328F20D6400391818 /* Assets.xcassets in Resources */ = {isa = PBXBuildFile; fileRef = 068B664228F20D6400391818 /* Assets.xcassets */; };
		068B664628F20D6400391818 /* Preview Assets.xcassets in Resources */ = {isa = PBXBuildFile; fileRef = 068B664528F20D6400391818 /* Preview Assets.xcassets */; };
		068B665028F20D6500391818 /* InstgramAppTests.swift in Sources */ = {isa = PBXBuildFile; fileRef = 068B664F28F20D6500391818 /* InstgramAppTests.swift */; };
		068B665A28F20D6500391818 /* InstgramAppUITests.swift in Sources */ = {isa = PBXBuildFile; fileRef = 068B665928F20D6500391818 /* InstgramAppUITests.swift */; };
		068B665C28F20D6500391818 /* InstgramAppUITestsLaunchTests.swift in Sources */ = {isa = PBXBuildFile; fileRef = 068B665B28F20D6500391818 /* InstgramAppUITestsLaunchTests.swift */; };
/* End PBXBuildFile section */

/* Begin PBXContainerItemProxy section */
		068B664C28F20D6500391818 /* PBXContainerItemProxy */ = {
			isa = PBXContainerItemProxy;
			containerPortal = 068B663328F20D6200391818 /* Project object */;
			proxyType = 1;
			remoteGlobalIDString = 068B663A28F20D6200391818;
			remoteInfo = InstgramApp;
		};
		068B665628F20D6500391818 /* PBXContainerItemProxy */ = {
			isa = PBXContainerItemProxy;
			containerPortal = 068B663328F20D6200391818 /* Project object */;
			proxyType = 1;
			remoteGlobalIDString = 068B663A28F20D6200391818;
			remoteInfo = InstgramApp;
		};
/* End PBXContainerItemProxy section */

/* Begin PBXFileReference section */
		068B663B28F20D6200391818 /* InstgramApp.app */ = {isa = PBXFileReference; explicitFileType = wrapper.application; includeInIndex = 0; path = InstgramApp.app; sourceTree = BUILT_PRODUCTS_DIR; };
		068B663E28F20D6200391818 /* InstgramAppApp.swift */ = {isa = PBXFileReference; lastKnownFileType = sourcecode.swift; path = InstgramAppApp.swift; sourceTree = "<group>"; };
		068B664028F20D6200391818 /* ContentView.swift */ = {isa = PBXFileReference; lastKnownFileType = sourcecode.swift; path = ContentView.swift; sourceTree = "<group>"; };
		068B664228F20D6400391818 /* Assets.xcassets */ = {isa = PBXFileReference; lastKnownFileType = folder.assetcatalog; path = Assets.xcassets; sourceTree = "<group>"; };
		068B664528F20D6400391818 /* Preview Assets.xcassets */ = {isa = PBXFileReference; lastKnownFileType = folder.assetcatalog; path = "Preview Assets.xcassets"; sourceTree = "<group>"; };
		068B664B28F20D6500391818 /* InstgramAppTests.xctest */ = {isa = PBXFileReference; explicitFileType = wrapper.cfbundle; includeInIndex = 0; path = InstgramAppTests.xctest; sourceTree = BUILT_PRODUCTS_DIR; };
		068B664F28F20D6500391818 /* InstgramAppTests.swift */ = {isa = PBXFileReference; lastKnownFileType = sourcecode.swift; path = InstgramAppTests.swift; sourceTree = "<group>"; };
		068B665528F20D6500391818 /* InstgramAppUITests.xctest */ = {isa = PBXFileReference; explicitFileType = wrapper.cfbundle; includeInIndex = 0; path = InstgramAppUITests.xctest; sourceTree = BUILT_PRODUCTS_DIR; };
		068B665928F20D6500391818 /* InstgramAppUITests.swift */ = {isa = PBXFileReference; lastKnownFileType = sourcecode.swift; path = InstgramAppUITests.swift; sourceTree = "<group>"; };
		068B665B28F20D6500391818 /* InstgramAppUITestsLaunchTests.swift */ = {isa = PBXFileReference; lastKnownFileType = sourcecode.swift; path = InstgramAppUITestsLaunchTests.swift; sourceTree = "<group>"; };
/* End PBXFileReference section */

/* Begin PBXFrameworksBuildPhase section */
		068B663828F20D6200391818 /* Frameworks */ = {
			isa = PBXFrameworksBuildPhase;
			buildActionMask = 2147483647;
			files = (
			);
			runOnlyForDeploymentPostprocessing = 0;
		};
		068B664828F20D6500391818 /* Frameworks */ = {
			isa = PBXFrameworksBuildPhase;
			buildActionMask = 2147483647;
			files = (
			);
			runOnlyForDeploymentPostprocessing = 0;
		};
		068B665228F20D6500391818 /* Frameworks */ = {
			isa = PBXFrameworksBuildPhase;
			buildActionMask = 2147483647;
			files = (
			);
			runOnlyForDeploymentPostprocessing = 0;
		};
/* End PBXFrameworksBuildPhase section */

/* Begin PBXGroup section */
		068B663228F20D6200391818 = {
			isa = PBXGroup;
			children = (
				068B663D28F20D6200391818 /* InstgramApp */,
				068B664E28F20D6500391818 /* InstgramAppTests */,
				068B665828F20D6500391818 /* InstgramAppUITests */,
				068B663C28F20D6200391818 /* Products */,
			);
			sourceTree = "<group>";
		};
		068B663C28F20D6200391818 /* Products */ = {
			isa = PBXGroup;
			children = (
				068B663B28F20D6200391818 /* InstgramApp.app */,
				068B664B28F20D6500391818 /* InstgramAppTests.xctest */,
				068B665528F20D6500391818 /* InstgramAppUITests.xctest */,
			);
			name = Products;
			sourceTree = "<group>";
		};
		068B663D28F20D6200391818 /* InstgramApp */ = {
			isa = PBXGroup;
			children = (
				068B663E28F20D6200391818 /* InstgramAppApp.swift */,
				068B664028F20D6200391818 /* ContentView.swift */,
				068B664228F20D6400391818 /* Assets.xcassets */,
				068B664428F20D6400391818 /* Preview Content */,
			);
			path = InstgramApp;
			sourceTree = "<group>";
		};
		068B664428F20D6400391818 /* Preview Content */ = {
			isa = PBXGroup;
			children = (
				068B664528F20D6400391818 /* Preview Assets.xcassets */,
			);
			path = "Preview Content";
			sourceTree = "<group>";
		};
		068B664E28F20D6500391818 /* InstgramAppTests */ = {
			isa = PBXGroup;
			children = (
				068B664F28F20D6500391818 /* InstgramAppTests.swift */,
			);
			path = InstgramAppTests;
			sourceTree = "<group>";
		};
		068B665828F20D6500391818 /* InstgramAppUITests */ = {
			isa = PBXGroup;
			children = (
				068B665928F20D6500391818 /* InstgramAppUITests.swift */,
				068B665B28F20D6500391818 /* InstgramAppUITestsLaunchTests.swift */,
			);
			path = InstgramAppUITests;
			sourceTree = "<group>";
		};
/* End PBXGroup section */

/* Begin PBXNativeTarget section */
		068B663A28F20D6200391818 /* InstgramApp */ = {
			isa = PBXNativeTarget;
			buildConfigurationList = 068B665F28F20D6500391818 /* Build configuration list for PBXNativeTarget "InstgramApp" */;
			buildPhases = (
				068B663728F20D6200391818 /* Sources */,
				068B663828F20D6200391818 /* Frameworks */,
				068B663928F20D6200391818 /* Resources */,
			);
			buildRules = (
			);
			dependencies = (
			);
			name = InstgramApp;
			productName = InstgramApp;
			productReference = 068B663B28F20D6200391818 /* InstgramApp.app */;
			productType = "com.apple.product-type.application";
		};
		068B664A28F20D6500391818 /* InstgramAppTests */ = {
			isa = PBXNativeTarget;
			buildConfigurationList = 068B666228F20D6500391818 /* Build configuration list for PBXNativeTarget "InstgramAppTests" */;
			buildPhases = (
				068B664728F20D6500391818 /* Sources */,
				068B664828F20D6500391818 /* Frameworks */,
				068B664928F20D6500391818 /* Resources */,
			);
			buildRules = (
			);
			dependencies = (
				068B664D28F20D6500391818 /* PBXTargetDependency */,
			);
			name = InstgramAppTests;
			productName = InstgramAppTests;
			productReference = 068B664B28F20D6500391818 /* InstgramAppTests.xctest */;
			productType = "com.apple.product-type.bundle.unit-test";
		};
		068B665428F20D6500391818 /* InstgramAppUITests */ = {
			isa = PBXNativeTarget;
			buildConfigurationList = 068B666528F20D6500391818 /* Build configuration list for PBXNativeTarget "InstgramAppUITests" */;
			buildPhases = (
				068B665128F20D6500391818 /* Sources */,
				068B665228F20D6500391818 /* Frameworks */,
				068B665328F20D6500391818 /* Resources */,
			);
			buildRules = (
			);
			dependencies = (
				068B665728F20D6500391818 /* PBXTargetDependency */,
			);
			name = InstgramAppUITests;
			productName = InstgramAppUITests;
			productReference = 068B665528F20D6500391818 /* InstgramAppUITests.xctest */;
			productType = "com.apple.product-type.bundle.ui-testing";
		};
/* End PBXNativeTarget section */

/* Begin PBXProject section */
		068B663328F20D6200391818 /* Project object */ = {
			isa = PBXProject;
			attributes = {
				BuildIndependentTargetsInParallel = 1;
				LastSwiftUpdateCheck = 1340;
				LastUpgradeCheck = 1340;
				TargetAttributes = {
					068B663A28F20D6200391818 = {
						CreatedOnToolsVersion = 13.4;
					};
					068B664A28F20D6500391818 = {
						CreatedOnToolsVersion = 13.4;
						TestTargetID = 068B663A28F20D6200391818;
					};
					068B665428F20D6500391818 = {
						CreatedOnToolsVersion = 13.4;
						TestTargetID = 068B663A28F20D6200391818;
					};
				};
			};
			buildConfigurationList = 068B663628F20D6200391818 /* Build configuration list for PBXProject "InstgramApp" */;
			compatibilityVersion = "Xcode 13.0";
			developmentRegion = en;
			hasScannedForEncodings = 0;
			knownRegions = (
				en,
				Base,
			);
			mainGroup = 068B663228F20D6200391818;
			productRefGroup = 068B663C28F20D6200391818 /* Products */;
			projectDirPath = "";
			projectRoot = "";
			targets = (
				068B663A28F20D6200391818 /* InstgramApp */,
				068B664A28F20D6500391818 /* InstgramAppTests */,
				068B665428F20D6500391818 /* InstgramAppUITests */,
			);
		};
/* End PBXProject section */

/* Begin PBXResourcesBuildPhase section */
		068B663928F20D6200391818 /* Resources */ = {
			isa = PBXResourcesBuildPhase;
			buildActionMask = 2147483647;
			files = (
				068B664628F20D6400391818 /* Preview Assets.xcassets in Resources */,
				068B664328F20D6400391818 /* Assets.xcassets in Resources */,
			);
			runOnlyForDeploymentPostprocessing = 0;
		};
		068B664928F20D6500391818 /* Resources */ = {
			isa = PBXResourcesBuildPhase;
			buildActionMask = 2147483647;
			files = (
			);
			runOnlyForDeploymentPostprocessing = 0;
		};
		068B665328F20D6500391818 /* Resources */ = {
			isa = PBXResourcesBuildPhase;
			buildActionMask = 2147483647;
			files = (
			);
			runOnlyForDeploymentPostprocessing = 0;
		};
/* End PBXResourcesBuildPhase section */

/* Begin PBXSourcesBuildPhase section */
		068B663728F20D6200391818 /* Sources */ = {
			isa = PBXSourcesBuildPhase;
			buildActionMask = 2147483647;
			files = (
				068B664128F20D6200391818 /* ContentView.swift in Sources */,
				068B663F28F20D6200391818 /* InstgramAppApp.swift in Sources */,
			);
			runOnlyForDeploymentPostprocessing = 0;
		};
		068B664728F20D6500391818 /* Sources */ = {
			isa = PBXSourcesBuildPhase;
			buildActionMask = 2147483647;
			files = (
				068B665028F20D6500391818 /* InstgramAppTests.swift in Sources */,
			);
			runOnlyForDeploymentPostprocessing = 0;
		};
		068B665128F20D6500391818 /* Sources */ = {
			isa = PBXSourcesBuildPhase;
			buildActionMask = 2147483647;
			files = (
				068B665A28F20D6500391818 /* InstgramAppUITests.swift in Sources */,
				068B665C28F20D6500391818 /* InstgramAppUITestsLaunchTests.swift in Sources */,
			);
			runOnlyForDeploymentPostprocessing = 0;
		};
/* End PBXSourcesBuildPhase section */

/* Begin PBXTargetDependency section */
		068B664D28F20D6500391818 /* PBXTargetDependency */ = {
			isa = PBXTargetDependency;
			target = 068B663A28F20D6200391818 /* InstgramApp */;
			targetProxy = 068B664C28F20D6500391818 /* PBXContainerItemProxy */;
		};
		068B665728F20D6500391818 /* PBXTargetDependency */ = {
			isa = PBXTargetDependency;
			target = 068B663A28F20D6200391818 /* InstgramApp */;
			targetProxy = 068B665628F20D6500391818 /* PBXContainerItemProxy */;
		};
/* End PBXTargetDependency section */

/* Begin XCBuildConfiguration section */
		068B665D28F20D6500391818 /* Debug */ = {
			isa = XCBuildConfiguration;
			buildSettings = {
				ALWAYS_SEARCH_USER_PATHS = NO;
				CLANG_ANALYZER_NONNULL = YES;
				CLANG_ANALYZER_NUMBER_OBJECT_CONVERSION = YES_AGGRESSIVE;
				CLANG_CXX_LANGUAGE_STANDARD = "gnu++17";
				CLANG_ENABLE_MODULES = YES;
				CLANG_ENABLE_OBJC_ARC = YES;
				CLANG_ENABLE_OBJC_WEAK = YES;
				CLANG_WARN_BLOCK_CAPTURE_AUTORELEASING = YES;
				CLANG_WARN_BOOL_CONVERSION = YES;
				CLANG_WARN_COMMA = YES;
				CLANG_WARN_CONSTANT_CONVERSION = YES;
				CLANG_WARN_DEPRECATED_OBJC_IMPLEMENTATIONS = YES;
				CLANG_WARN_DIRECT_OBJC_ISA_USAGE = YES_ERROR;
				CLANG_WARN_DOCUMENTATION_COMMENTS = YES;
				CLANG_WARN_EMPTY_BODY = YES;
				CLANG_WARN_ENUM_CONVERSION = YES;
				CLANG_WARN_INFINITE_RECURSION = YES;
				CLANG_WARN_INT_CONVERSION = YES;
				CLANG_WARN_NON_LITERAL_NULL_CONVERSION = YES;
				CLANG_WARN_OBJC_IMPLICIT_RETAIN_SELF = YES;
				CLANG_WARN_OBJC_LITERAL_CONVERSION = YES;
				CLANG_WARN_OBJC_ROOT_CLASS = YES_ERROR;
				CLANG_WARN_QUOTED_INCLUDE_IN_FRAMEWORK_HEADER = YES;
				CLANG_WARN_RANGE_LOOP_ANALYSIS = YES;
				CLANG_WARN_STRICT_PROTOTYPES = YES;
				CLANG_WARN_SUSPICIOUS_MOVE = YES;
				CLANG_WARN_UNGUARDED_AVAILABILITY = YES_AGGRESSIVE;
				CLANG_WARN_UNREACHABLE_CODE = YES;
				CLANG_WARN__DUPLICATE_METHOD_MATCH = YES;
				COPY_PHASE_STRIP = NO;
				DEBUG_INFORMATION_FORMAT = dwarf;
				ENABLE_STRICT_OBJC_MSGSEND = YES;
				ENABLE_TESTABILITY = YES;
				GCC_C_LANGUAGE_STANDARD = gnu11;
				GCC_DYNAMIC_NO_PIC = NO;
				GCC_NO_COMMON_BLOCKS = YES;
				GCC_OPTIMIZATION_LEVEL = 0;
				GCC_PREPROCESSOR_DEFINITIONS = (
					"DEBUG=1",
					"$(inherited)",
				);
				GCC_WARN_64_TO_32_BIT_CONVERSION = YES;
				GCC_WARN_ABOUT_RETURN_TYPE = YES_ERROR;
				GCC_WARN_UNDECLARED_SELECTOR = YES;
				GCC_WARN_UNINITIALIZED_AUTOS = YES_AGGRESSIVE;
				GCC_WARN_UNUSED_FUNCTION = YES;
				GCC_WARN_UNUSED_VARIABLE = YES;
				IPHONEOS_DEPLOYMENT_TARGET = 15.5;
				MTL_ENABLE_DEBUG_INFO = INCLUDE_SOURCE;
				MTL_FAST_MATH = YES;
				ONLY_ACTIVE_ARCH = YES;
				SDKROOT = iphoneos;
				SWIFT_ACTIVE_COMPILATION_CONDITIONS = DEBUG;
				SWIFT_OPTIMIZATION_LEVEL = "-Onone";
			};
			name = Debug;
		};
		068B665E28F20D6500391818 /* Release */ = {
			isa = XCBuildConfiguration;
			buildSettings = {
				ALWAYS_SEARCH_USER_PATHS = NO;
				CLANG_ANALYZER_NONNULL = YES;
				CLANG_ANALYZER_NUMBER_OBJECT_CONVERSION = YES_AGGRESSIVE;
				CLANG_CXX_LANGUAGE_STANDARD = "gnu++17";
				CLANG_ENABLE_MODULES = YES;
				CLANG_ENABLE_OBJC_ARC = YES;
				CLANG_ENABLE_OBJC_WEAK = YES;
				CLANG_WARN_BLOCK_CAPTURE_AUTORELEASING = YES;
				CLANG_WARN_BOOL_CONVERSION = YES;
				CLANG_WARN_COMMA = YES;
				CLANG_WARN_CONSTANT_CONVERSION = YES;
				CLANG_WARN_DEPRECATED_OBJC_IMPLEMENTATIONS = YES;
				CLANG_WARN_DIRECT_OBJC_ISA_USAGE = YES_ERROR;
				CLANG_WARN_DOCUMENTATION_COMMENTS = YES;
				CLANG_WARN_EMPTY_BODY = YES;
				CLANG_WARN_ENUM_CONVERSION = YES;
				CLANG_WARN_INFINITE_RECURSION = YES;
				CLANG_WARN_INT_CONVERSION = YES;
				CLANG_WARN_NON_LITERAL_NULL_CONVERSION = YES;
				CLANG_WARN_OBJC_IMPLICIT_RETAIN_SELF = YES;
				CLANG_WARN_OBJC_LITERAL_CONVERSION = YES;
				CLANG_WARN_OBJC_ROOT_CLASS = YES_ERROR;
				CLANG_WARN_QUOTED_INCLUDE_IN_FRAMEWORK_HEADER = YES;
				CLANG_WARN_RANGE_LOOP_ANALYSIS = YES;
				CLANG_WARN_STRICT_PROTOTYPES = YES;
				CLANG_WARN_SUSPICIOUS_MOVE = YES;
				CLANG_WARN_UNGUARDED_AVAILABILITY = YES_AGGRESSIVE;
				CLANG_WARN_UNREACHABLE_CODE = YES;
				CLANG_WARN__DUPLICATE_METHOD_MATCH = YES;
				COPY_PHASE_STRIP = NO;
				DEBUG_INFORMATION_FORMAT = "dwarf-with-dsym";
				ENABLE_NS_ASSERTIONS = NO;
				ENABLE_STRICT_OBJC_MSGSEND = YES;
				GCC_C_LANGUAGE_STANDARD = gnu11;
				GCC_NO_COMMON_BLOCKS = YES;
				GCC_WARN_64_TO_32_BIT_CONVERSION = YES;
				GCC_WARN_ABOUT_RETURN_TYPE = YES_ERROR;
				GCC_WARN_UNDECLARED_SELECTOR = YES;
				GCC_WARN_UNINITIALIZED_AUTOS = YES_AGGRESSIVE;
				GCC_WARN_UNUSED_FUNCTION = YES;
				GCC_WARN_UNUSED_VARIABLE = YES;
				IPHONEOS_DEPLOYMENT_TARGET = 15.5;
				MTL_ENABLE_DEBUG_INFO = NO;
				MTL_FAST_MATH = YES;
				SDKROOT = iphoneos;
				SWIFT_COMPILATION_MODE = wholemodule;
				SWIFT_OPTIMIZATION_LEVEL = "-O";
				VALIDATE_PRODUCT = YES;
			};
			name = Release;
		};
		068B666028F20D6500391818 /* Debug */ = {
			isa = XCBuildConfiguration;
			buildSettings = {
				ASSETCATALOG_COMPILER_APPICON_NAME = AppIcon;
				ASSETCATALOG_COMPILER_GLOBAL_ACCENT_COLOR_NAME = AccentColor;
				CODE_SIGN_STYLE = Automatic;
				CURRENT_PROJECT_VERSION = 1;
				DEVELOPMENT_ASSET_PATHS = "\"InstgramApp/Preview Content\"";
				DEVELOPMENT_TEAM = 5RYP74DCC8;
				ENABLE_PREVIEWS = YES;
				GENERATE_INFOPLIST_FILE = YES;
				INFOPLIST_KEY_UIApplicationSceneManifest_Generation = YES;
				INFOPLIST_KEY_UIApplicationSupportsIndirectInputEvents = YES;
				INFOPLIST_KEY_UILaunchScreen_Generation = YES;
				INFOPLIST_KEY_UISupportedInterfaceOrientations_iPad = "UIInterfaceOrientationPortrait UIInterfaceOrientationPortraitUpsideDown UIInterfaceOrientationLandscapeLeft UIInterfaceOrientationLandscapeRight";
				INFOPLIST_KEY_UISupportedInterfaceOrientations_iPhone = "UIInterfaceOrientationPortrait UIInterfaceOrientationLandscapeLeft UIInterfaceOrientationLandscapeRight";
				LD_RUNPATH_SEARCH_PATHS = (
					"$(inherited)",
					"@executable_path/Frameworks",
				);
				MARKETING_VERSION = 1.0;
				PRODUCT_BUNDLE_IDENTIFIER = "mustafa-hegy.InstgramApp";
				PRODUCT_NAME = "$(TARGET_NAME)";
				SWIFT_EMIT_LOC_STRINGS = YES;
				SWIFT_VERSION = 5.0;
				TARGETED_DEVICE_FAMILY = "1,2";
			};
			name = Debug;
		};
		068B666128F20D6500391818 /* Release */ = {
			isa = XCBuildConfiguration;
			buildSettings = {
				ASSETCATALOG_COMPILER_APPICON_NAME = AppIcon;
				ASSETCATALOG_COMPILER_GLOBAL_ACCENT_COLOR_NAME = AccentColor;
				CODE_SIGN_STYLE = Automatic;
				CURRENT_PROJECT_VERSION = 1;
				DEVELOPMENT_ASSET_PATHS = "\"InstgramApp/Preview Content\"";
				DEVELOPMENT_TEAM = 5RYP74DCC8;
				ENABLE_PREVIEWS = YES;
				GENERATE_INFOPLIST_FILE = YES;
				INFOPLIST_KEY_UIApplicationSceneManifest_Generation = YES;
				INFOPLIST_KEY_UIApplicationSupportsIndirectInputEvents = YES;
				INFOPLIST_KEY_UILaunchScreen_Generation = YES;
				INFOPLIST_KEY_UISupportedInterfaceOrientations_iPad = "UIInterfaceOrientationPortrait UIInterfaceOrientationPortraitUpsideDown UIInterfaceOrientationLandscapeLeft UIInterfaceOrientationLandscapeRight";
				INFOPLIST_KEY_UISupportedInterfaceOrientations_iPhone = "UIInterfaceOrientationPortrait UIInterfaceOrientationLandscapeLeft UIInterfaceOrientationLandscapeRight";
				LD_RUNPATH_SEARCH_PATHS = (
					"$(inherited)",
					"@executable_path/Frameworks",
				);
				MARKETING_VERSION = 1.0;
				PRODUCT_BUNDLE_IDENTIFIER = "mustafa-hegy.InstgramApp";
				PRODUCT_NAME = "$(TARGET_NAME)";
				SWIFT_EMIT_LOC_STRINGS = YES;
				SWIFT_VERSION = 5.0;
				TARGETED_DEVICE_FAMILY = "1,2";
			};
			name = Release;
		};
		068B666328F20D6500391818 /* Debug */ = {
			isa = XCBuildConfiguration;
			buildSettings = {
				ALWAYS_EMBED_SWIFT_STANDARD_LIBRARIES = YES;
				BUNDLE_LOADER = "$(TEST_HOST)";
				CODE_SIGN_STYLE = Automatic;
				CURRENT_PROJECT_VERSION = 1;
				DEVELOPMENT_TEAM = 5RYP74DCC8;
				GENERATE_INFOPLIST_FILE = YES;
				IPHONEOS_DEPLOYMENT_TARGET = 15.5;
				MARKETING_VERSION = 1.0;
				PRODUCT_BUNDLE_IDENTIFIER = "mustafa-hegy.InstgramAppTests";
				PRODUCT_NAME = "$(TARGET_NAME)";
				SWIFT_EMIT_LOC_STRINGS = NO;
				SWIFT_VERSION = 5.0;
				TARGETED_DEVICE_FAMILY = "1,2";
				TEST_HOST = "$(BUILT_PRODUCTS_DIR)/InstgramApp.app/InstgramApp";
			};
			name = Debug;
		};
		068B666428F20D6500391818 /* Release */ = {
			isa = XCBuildConfiguration;
			buildSettings = {
				ALWAYS_EMBED_SWIFT_STANDARD_LIBRARIES = YES;
				BUNDLE_LOADER = "$(TEST_HOST)";
				CODE_SIGN_STYLE = Automatic;
				CURRENT_PROJECT_VERSION = 1;
				DEVELOPMENT_TEAM = 5RYP74DCC8;
				GENERATE_INFOPLIST_FILE = YES;
				IPHONEOS_DEPLOYMENT_TARGET = 15.5;
				MARKETING_VERSION = 1.0;
				PRODUCT_BUNDLE_IDENTIFIER = "mustafa-hegy.InstgramAppTests";
				PRODUCT_NAME = "$(TARGET_NAME)";
				SWIFT_EMIT_LOC_STRINGS = NO;
				SWIFT_VERSION = 5.0;
				TARGETED_DEVICE_FAMILY = "1,2";
				TEST_HOST = "$(BUILT_PRODUCTS_DIR)/InstgramApp.app/InstgramApp";
			};
			name = Release;
		};
		068B666628F20D6500391818 /* Debug */ = {
			isa = XCBuildConfiguration;
			buildSettings = {
				ALWAYS_EMBED_SWIFT_STANDARD_LIBRARIES = YES;
				CODE_SIGN_STYLE = Automatic;
				CURRENT_PROJECT_VERSION = 1;
				DEVELOPMENT_TEAM = 5RYP74DCC8;
				GENERATE_INFOPLIST_FILE = YES;
				MARKETING_VERSION = 1.0;
				PRODUCT_BUNDLE_IDENTIFIER = "mustafa-hegy.InstgramAppUITests";
				PRODUCT_NAME = "$(TARGET_NAME)";
				SWIFT_EMIT_LOC_STRINGS = NO;
				SWIFT_VERSION = 5.0;
				TARGETED_DEVICE_FAMILY = "1,2";
				TEST_TARGET_NAME = InstgramApp;
			};
			name = Debug;
		};
		068B666728F20D6500391818 /* Release */ = {
			isa = XCBuildConfiguration;
			buildSettings = {
				ALWAYS_EMBED_SWIFT_STANDARD_LIBRARIES = YES;
				CODE_SIGN_STYLE = Automatic;
				CURRENT_PROJECT_VERSION = 1;
				DEVELOPMENT_TEAM = 5RYP74DCC8;
				GENERATE_INFOPLIST_FILE = YES;
				MARKETING_VERSION = 1.0;
				PRODUCT_BUNDLE_IDENTIFIER = "mustafa-hegy.InstgramAppUITests";
				PRODUCT_NAME = "$(TARGET_NAME)";
				SWIFT_EMIT_LOC_STRINGS = NO;
				SWIFT_VERSION = 5.0;
				TARGETED_DEVICE_FAMILY = "1,2";
				TEST_TARGET_NAME = InstgramApp;
			};
			name = Release;
		};
/* End XCBuildConfiguration section */

/* Begin XCConfigurationList section */
		068B663628F20D6200391818 /* Build configuration list for PBXProject "InstgramApp" */ = {
			isa = XCConfigurationList;
			buildConfigurations = (
				068B665D28F20D6500391818 /* Debug */,
				068B665E28F20D6500391818 /* Release */,
			);
			defaultConfigurationIsVisible = 0;
			defaultConfigurationName = Release;
		};
		068B665F28F20D6500391818 /* Build configuration list for PBXNativeTarget "InstgramApp" */ = {
			isa = XCConfigurationList;
			buildConfigurations = (
				068B666028F20D6500391818 /* Debug */,
				068B666128F20D6500391818 /* Release */,
			);
			defaultConfigurationIsVisible = 0;
			defaultConfigurationName = Release;
		};
		068B666228F20D6500391818 /* Build configuration list for PBXNativeTarget "InstgramAppTests" */ = {
			isa = XCConfigurationList;
			buildConfigurations = (
				068B666328F20D6500391818 /* Debug */,
				068B666428F20D6500391818 /* Release */,
			);
			defaultConfigurationIsVisible = 0;
			defaultConfigurationName = Release;
		};
		068B666528F20D6500391818 /* Build configuration list for PBXNativeTarget "InstgramAppUITests" */ = {
			isa = XCConfigurationList;
			buildConfigurations = (
				068B666628F20D6500391818 /* Debug */,
				068B666728F20D6500391818 /* Release */,
			);
			defaultConfigurationIsVisible = 0;
			defaultConfigurationName = Release;
		};
/* End XCConfigurationList section */
	};
	rootObject = 068B663328F20D6200391818 /* Project object */;
}
